
Microsoft Visual Studio Solution File, Format Version 12.00
# Visual Studio Version 17
VisualStudioVersion = 17.1.32407.343
MinimumVisualStudioVersion = 10.0.40219.1
Project("{2150E333-8FDC-42A3-9474-1A3956D46DE8}") = "Services", "Services", "{D55FF01B-E886-480D-9F04-13C36D1D6E40}"
EndProject
Project("{2150E333-8FDC-42A3-9474-1A3956D46DE8}") = "Catelog", "Catelog", "{9026987F-6B97-42C2-858A-FA4432FBF864}"
EndProject
Project("{FAE04EC0-301F-11D3-BF4B-00C04F79EFBC}") = "Catelog.API", "Services\Catelog\Catelog.API\Catelog.API.csproj", "{110F79F1-87C4-44DD-B6C7-BB05873B10D1}"
EndProject
Global
	GlobalSection(SolutionConfigurationPlatforms) = preSolution
		Debug|Any CPU = Debug|Any CPU
		Release|Any CPU = Release|Any CPU
	EndGlobalSection
	GlobalSection(ProjectConfigurationPlatforms) = postSolution
		{110F79F1-87C4-44DD-B6C7-BB05873B10D1}.Debug|Any CPU.ActiveCfg = Debug|Any CPU
		{110F79F1-87C4-44DD-B6C7-BB05873B10D1}.Debug|Any CPU.Build.0 = Debug|Any CPU
		{110F79F1-87C4-44DD-B6C7-BB05873B10D1}.Release|Any CPU.ActiveCfg = Release|Any CPU
		{110F79F1-87C4-44DD-B6C7-BB05873B10D1}.Release|Any CPU.Build.0 = Release|Any CPU
	EndGlobalSection
	GlobalSection(SolutionProperties) = preSolution
		HideSolutionNode = FALSE
	EndGlobalSection
	GlobalSection(NestedProjects) = preSolution
		{9026987F-6B97-42C2-858A-FA4432FBF864} = {D55FF01B-E886-480D-9F04-13C36D1D6E40}
		{110F79F1-87C4-44DD-B6C7-BB05873B10D1} = {9026987F-6B97-42C2-858A-FA4432FBF864}
	EndGlobalSection
	GlobalSection(ExtensibilityGlobals) = postSolution
		SolutionGuid = {17586C0D-AB24-4E48-A626-D73136F1DA58}
	EndGlobalSection
EndGlobal
